Microsoft Visual Studio Solution File, Format Version 12.00
# Visual Studio Version 17
VisualStudioVersion = 17.5.2.0
MinimumVisualStudioVersion = 10.0.40219.1
Project("{FAE04EC0-301F-11D3-BF4B-00C04F79EFBC}") = "Oppgave.calculator", "Oppgave.calculator.csproj", "{3EEB35DF-0921-834B-40D5-79E11C613461}"
EndProject
Global
	GlobalSection(SolutionConfigurationPlatforms) = preSolution
		Debug|Any CPU = Debug|Any CPU
		Release|Any CPU = Release|Any CPU
	EndGlobalSection
	GlobalSection(ProjectConfigurationPlatforms) = postSolution
		{3EEB35DF-0921-834B-40D5-79E11C613461}.Debug|Any CPU.ActiveCfg = Debug|Any CPU
		{3EEB35DF-0921-834B-40D5-79E11C613461}.Debug|Any CPU.Build.0 = Debug|Any CPU
		{3EEB35DF-0921-834B-40D5-79E11C613461}.Release|Any CPU.ActiveCfg = Release|Any CPU
		{3EEB35DF-0921-834B-40D5-79E11C613461}.Release|Any CPU.Build.0 = Release|Any CPU
	EndGlobalSection
	GlobalSection(SolutionProperties) = preSolution
		HideSolutionNode = FALSE
	EndGlobalSection
	GlobalSection(ExtensibilityGlobals) = postSolution
		SolutionGuid = {B53B02B3-B7D3-40DA-A5A2-C9D5D50BADCE}
	EndGlobalSection
EndGlobal
